
Microsoft Visual Studio Solution File, Format Version 12.00
# Visual Studio 15
VisualStudioVersion = 15.0.28010.2036
MinimumVisualStudioVersion = 10.0.40219.1
Project("{888888A0-9F3D-457C-B088-3A5042F75D52}") = "PythonProjects2 - Project 01", "PythonProjects2 - Project 01\PythonProjects2 - Project 01.pyproj", "{DEF66A32-FDD6-4E3A-8F9D-B4E82BE98F14}"
EndProject
Global
	GlobalSection(SolutionConfigurationPlatforms) = preSolution
		Debug|Any CPU = Debug|Any CPU
		Release|Any CPU = Release|Any CPU
	EndGlobalSection
	GlobalSection(ProjectConfigurationPlatforms) = postSolution
		{DEF66A32-FDD6-4E3A-8F9D-B4E82BE98F14}.Debug|Any CPU.ActiveCfg = Debug|Any CPU
		{DEF66A32-FDD6-4E3A-8F9D-B4E82BE98F14}.Release|Any CPU.ActiveCfg = Release|Any CPU
	EndGlobalSection
	GlobalSection(SolutionProperties) = preSolution
		HideSolutionNode = FALSE
	EndGlobalSection
	GlobalSection(ExtensibilityGlobals) = postSolution
		SolutionGuid = {7C7DB03A-C45A-4823-8B12-F28DC51000E3}
	EndGlobalSection
EndGlobal
